<?xml version="1.0" encoding="UTF-8"?>
<CodeBlocks_project_file>
	<FileVersion major="1" minor="6"/>
	<Project>
		<Option title="NFS_Next_Gen"/>
		<Option makefile_is_custom="1"/>
		<Option compiler="gcc"/>
		<Option virtualFolders="CMake Files\;CMake Files\cmake_modules\;"/>
		<Build>
			<Target title="all">
				<Option working_dir="/home/margot/NFS-Next-Gen"/>
				<Option type="4"/>
				<MakeCommands>
					<Build command="/usr/bin/make -j3 -f &quot;/home/margot/NFS-Next-Gen/Makefile&quot;  VERBOSE=1 all"/>
					<CompileFile command="/usr/bin/make -j3 -f &quot;/home/margot/NFS-Next-Gen/Makefile&quot;  VERBOSE=1 &quot;$file&quot;"/>
					<Clean command="/usr/bin/make -j3 -f &quot;/home/margot/NFS-Next-Gen/Makefile&quot;  VERBOSE=1 clean"/>
					<DistClean command="/usr/bin/make -j3 -f &quot;/home/margot/NFS-Next-Gen/Makefile&quot;  VERBOSE=1 clean"/>
				</MakeCommands>
			</Target>
			<Target title="rebuild_cache">
				<Option working_dir="/home/margot/NFS-Next-Gen"/>
				<Option type="4"/>
				<MakeCommands>
					<Build command="/usr/bin/make -j3 -f &quot;/home/margot/NFS-Next-Gen/Makefile&quot;  VERBOSE=1 rebuild_cache"/>
					<CompileFile command="/usr/bin/make -j3 -f &quot;/home/margot/NFS-Next-Gen/Makefile&quot;  VERBOSE=1 &quot;$file&quot;"/>
					<Clean command="/usr/bin/make -j3 -f &quot;/home/margot/NFS-Next-Gen/Makefile&quot;  VERBOSE=1 clean"/>
					<DistClean command="/usr/bin/make -j3 -f &quot;/home/margot/NFS-Next-Gen/Makefile&quot;  VERBOSE=1 clean"/>
				</MakeCommands>
			</Target>
			<Target title="NFS_Next_Gen">
				<Option output="/home/margot/NFS-Next-Gen/NFS_Next_Gen" prefix_auto="0" extension_auto="0"/>
				<Option working_dir="/home/margot/NFS-Next-Gen"/>
				<Option object_output="./"/>
				<Option type="1"/>
				<Option compiler="gcc"/>
				<Compiler>
					<Add directory="/home/margot/NFS-Next-Gen/include"/>
					<Add directory="/usr/include"/>
					<Add directory="/usr/include/c++/9"/>
					<Add directory="/usr/include/x86_64-linux-gnu/c++/9"/>
					<Add directory="/usr/include/c++/9/backward"/>
					<Add directory="/usr/lib/gcc/x86_64-linux-gnu/9/include"/>
					<Add directory="/usr/local/include"/>
					<Add directory="/usr/lib/gcc/x86_64-linux-gnu/9/include-fixed"/>
					<Add directory="/usr/include/x86_64-linux-gnu"/>
				</Compiler>
				<MakeCommands>
					<Build command="/usr/bin/make -j3 -f &quot;/home/margot/NFS-Next-Gen/Makefile&quot;  VERBOSE=1 NFS_Next_Gen"/>
					<CompileFile command="/usr/bin/make -j3 -f &quot;/home/margot/NFS-Next-Gen/Makefile&quot;  VERBOSE=1 &quot;$file&quot;"/>
					<Clean command="/usr/bin/make -j3 -f &quot;/home/margot/NFS-Next-Gen/Makefile&quot;  VERBOSE=1 clean"/>
					<DistClean command="/usr/bin/make -j3 -f &quot;/home/margot/NFS-Next-Gen/Makefile&quot;  VERBOSE=1 clean"/>
				</MakeCommands>
			</Target>
			<Target title="NFS_Next_Gen/fast">
				<Option output="/home/margot/NFS-Next-Gen/NFS_Next_Gen" prefix_auto="0" extension_auto="0"/>
				<Option working_dir="/home/margot/NFS-Next-Gen"/>
				<Option object_output="./"/>
				<Option type="1"/>
				<Option compiler="gcc"/>
				<Compiler>
					<Add directory="/home/margot/NFS-Next-Gen/include"/>
					<Add directory="/usr/include"/>
					<Add directory="/usr/include/c++/9"/>
					<Add directory="/usr/include/x86_64-linux-gnu/c++/9"/>
					<Add directory="/usr/include/c++/9/backward"/>
					<Add directory="/usr/lib/gcc/x86_64-linux-gnu/9/include"/>
					<Add directory="/usr/local/include"/>
					<Add directory="/usr/lib/gcc/x86_64-linux-gnu/9/include-fixed"/>
					<Add directory="/usr/include/x86_64-linux-gnu"/>
				</Compiler>
				<MakeCommands>
					<Build command="/usr/bin/make -j3 -f &quot;/home/margot/NFS-Next-Gen/Makefile&quot;  VERBOSE=1 NFS_Next_Gen/fast"/>
					<CompileFile command="/usr/bin/make -j3 -f &quot;/home/margot/NFS-Next-Gen/Makefile&quot;  VERBOSE=1 &quot;$file&quot;"/>
					<Clean command="/usr/bin/make -j3 -f &quot;/home/margot/NFS-Next-Gen/Makefile&quot;  VERBOSE=1 clean"/>
					<DistClean command="/usr/bin/make -j3 -f &quot;/home/margot/NFS-Next-Gen/Makefile&quot;  VERBOSE=1 clean"/>
				</MakeCommands>
			</Target>
			<Target title="edit_cache">
				<Option working_dir="/home/margot/NFS-Next-Gen"/>
				<Option type="4"/>
				<MakeCommands>
					<Build command="/usr/bin/make -j3 -f &quot;/home/margot/NFS-Next-Gen/Makefile&quot;  VERBOSE=1 edit_cache"/>
					<CompileFile command="/usr/bin/make -j3 -f &quot;/home/margot/NFS-Next-Gen/Makefile&quot;  VERBOSE=1 &quot;$file&quot;"/>
					<Clean command="/usr/bin/make -j3 -f &quot;/home/margot/NFS-Next-Gen/Makefile&quot;  VERBOSE=1 clean"/>
					<DistClean command="/usr/bin/make -j3 -f &quot;/home/margot/NFS-Next-Gen/Makefile&quot;  VERBOSE=1 clean"/>
				</MakeCommands>
			</Target>
		</Build>
		<Unit filename="/home/margot/NFS-Next-Gen/src/graphics/gameOver.cpp">
			<Option target="NFS_Next_Gen"/>
		</Unit>
		<Unit filename="/home/margot/NFS-Next-Gen/src/graphics/graphicFunc.cpp">
			<Option target="NFS_Next_Gen"/>
		</Unit>
		<Unit filename="/home/margot/NFS-Next-Gen/src/graphics/login.cpp">
			<Option target="NFS_Next_Gen"/>
		</Unit>
		<Unit filename="/home/margot/NFS-Next-Gen/src/graphics/menu.cpp">
			<Option target="NFS_Next_Gen"/>
		</Unit>
		<Unit filename="/home/margot/NFS-Next-Gen/src/graphics/pauseInTheGame.cpp">
			<Option target="NFS_Next_Gen"/>
		</Unit>
		<Unit filename="/home/margot/NFS-Next-Gen/src/graphics/scoreTable.cpp">
			<Option target="NFS_Next_Gen"/>
		</Unit>
		<Unit filename="/home/margot/NFS-Next-Gen/src/graphics/wrapFunc.cpp">
			<Option target="NFS_Next_Gen"/>
		</Unit>
		<Unit filename="/home/margot/NFS-Next-Gen/src/logic/ClientState.cpp">
			<Option target="NFS_Next_Gen"/>
		</Unit>
		<Unit filename="/home/margot/NFS-Next-Gen/src/logic/Game.cpp">
			<Option target="NFS_Next_Gen"/>
		</Unit>
		<Unit filename="/home/margot/NFS-Next-Gen/src/logic/GameState.cpp">
			<Option target="NFS_Next_Gen"/>
		</Unit>
		<Unit filename="/home/margot/NFS-Next-Gen/src/logic/MapGenerator.cpp">
			<Option target="NFS_Next_Gen"/>
		</Unit>
		<Unit filename="/home/margot/NFS-Next-Gen/src/logic/ServerState.cpp">
			<Option target="NFS_Next_Gen"/>
		</Unit>
		<Unit filename="/home/margot/NFS-Next-Gen/src/main.cpp">
			<Option target="NFS_Next_Gen"/>
		</Unit>
		<Unit filename="/home/margot/NFS-Next-Gen/src/physics/SQLite.cpp">
			<Option target="NFS_Next_Gen"/>
		</Unit>
		<Unit filename="/home/margot/NFS-Next-Gen/src/physics/physicsFunc.cpp">
			<Option target="NFS_Next_Gen"/>
		</Unit>
		<Unit filename="/home/margot/NFS-Next-Gen/CMakeLists.txt">
			<Option virtualFolder="CMake Files\"/>
		</Unit>
		<Unit filename="/home/margot/NFS-Next-Gen/cmake_modules/FindSFML.cmake">
			<Option virtualFolder="CMake Files\cmake_modules\"/>
		</Unit>
		<Unit filename="/home/margot/NFS-Next-Gen/cmake_modules/FindSQLite3.cmake">
			<Option virtualFolder="CMake Files\cmake_modules\"/>
		</Unit>
	</Project>
</CodeBlocks_project_file>
