<?xml version="1.0" encoding="UTF-8"?>
<CodeBlocks_project_file>
	<FileVersion major="1" minor="6"/>
	<Project>
		<Option title="googletest-distribution"/>
		<Option makefile_is_custom="1"/>
		<Option compiler="gcc"/>
		<Option virtualFolders="CMake Files\;CMake Files\cmake_modules\;CMake Files\libs\;CMake Files\libs\googletest\;CMake Files\libs\googletest\googlemock\;CMake Files\libs\googletest\googlemock\cmake\;CMake Files\libs\googletest\googletest\;CMake Files\libs\googletest\googletest\cmake\;CMake Files\test\;"/>
		<Build>
			<Target title="all">
				<Option working_dir="/home/purplelime/tp_project_1sem/NFS-Next-Gen/libs/googletest"/>
				<Option type="4"/>
				<MakeCommands>
					<Build command="/usr/bin/make -f &quot;/home/purplelime/tp_project_1sem/NFS-Next-Gen/libs/googletest/Makefile&quot;  VERBOSE=1 all"/>
					<CompileFile command="/usr/bin/make -f &quot;/home/purplelime/tp_project_1sem/NFS-Next-Gen/libs/googletest/Makefile&quot;  VERBOSE=1 &quot;$file&quot;"/>
					<Clean command="/usr/bin/make -f &quot;/home/purplelime/tp_project_1sem/NFS-Next-Gen/libs/googletest/Makefile&quot;  VERBOSE=1 clean"/>
					<DistClean command="/usr/bin/make -f &quot;/home/purplelime/tp_project_1sem/NFS-Next-Gen/libs/googletest/Makefile&quot;  VERBOSE=1 clean"/>
				</MakeCommands>
			</Target>
			<Target title="gmock_main">
				<Option output="/home/purplelime/tp_project_1sem/NFS-Next-Gen/lib/libgmock_maind.a" prefix_auto="0" extension_auto="0"/>
				<Option working_dir="/home/purplelime/tp_project_1sem/NFS-Next-Gen/libs/googletest/googlemock"/>
				<Option object_output="./"/>
				<Option type="2"/>
				<Option compiler="gcc"/>
				<Compiler>
					<Add directory="/home/purplelime/tp_project_1sem/NFS-Next-Gen/include"/>
					<Add directory="/home/purplelime/tp_project_1sem/NFS-Next-Gen/libs/googletest/googlemock/include"/>
					<Add directory="/home/purplelime/tp_project_1sem/NFS-Next-Gen/libs/googletest/googlemock"/>
					<Add directory="/home/purplelime/tp_project_1sem/NFS-Next-Gen/libs/googletest/googletest/include"/>
					<Add directory="/home/purplelime/tp_project_1sem/NFS-Next-Gen/libs/googletest/googletest"/>
				</Compiler>
				<MakeCommands>
					<Build command="/usr/bin/make -f &quot;/home/purplelime/tp_project_1sem/NFS-Next-Gen/libs/googletest/googlemock/Makefile&quot;  VERBOSE=1 gmock_main"/>
					<CompileFile command="/usr/bin/make -f &quot;/home/purplelime/tp_project_1sem/NFS-Next-Gen/libs/googletest/googlemock/Makefile&quot;  VERBOSE=1 &quot;$file&quot;"/>
					<Clean command="/usr/bin/make -f &quot;/home/purplelime/tp_project_1sem/NFS-Next-Gen/libs/googletest/googlemock/Makefile&quot;  VERBOSE=1 clean"/>
					<DistClean command="/usr/bin/make -f &quot;/home/purplelime/tp_project_1sem/NFS-Next-Gen/libs/googletest/googlemock/Makefile&quot;  VERBOSE=1 clean"/>
				</MakeCommands>
			</Target>
			<Target title="gmock_main/fast">
				<Option output="/home/purplelime/tp_project_1sem/NFS-Next-Gen/lib/libgmock_maind.a" prefix_auto="0" extension_auto="0"/>
				<Option working_dir="/home/purplelime/tp_project_1sem/NFS-Next-Gen/libs/googletest/googlemock"/>
				<Option object_output="./"/>
				<Option type="2"/>
				<Option compiler="gcc"/>
				<Compiler>
					<Add directory="/home/purplelime/tp_project_1sem/NFS-Next-Gen/include"/>
					<Add directory="/home/purplelime/tp_project_1sem/NFS-Next-Gen/libs/googletest/googlemock/include"/>
					<Add directory="/home/purplelime/tp_project_1sem/NFS-Next-Gen/libs/googletest/googlemock"/>
					<Add directory="/home/purplelime/tp_project_1sem/NFS-Next-Gen/libs/googletest/googletest/include"/>
					<Add directory="/home/purplelime/tp_project_1sem/NFS-Next-Gen/libs/googletest/googletest"/>
				</Compiler>
				<MakeCommands>
					<Build command="/usr/bin/make -f &quot;/home/purplelime/tp_project_1sem/NFS-Next-Gen/libs/googletest/googlemock/Makefile&quot;  VERBOSE=1 gmock_main/fast"/>
					<CompileFile command="/usr/bin/make -f &quot;/home/purplelime/tp_project_1sem/NFS-Next-Gen/libs/googletest/googlemock/Makefile&quot;  VERBOSE=1 &quot;$file&quot;"/>
					<Clean command="/usr/bin/make -f &quot;/home/purplelime/tp_project_1sem/NFS-Next-Gen/libs/googletest/googlemock/Makefile&quot;  VERBOSE=1 clean"/>
					<DistClean command="/usr/bin/make -f &quot;/home/purplelime/tp_project_1sem/NFS-Next-Gen/libs/googletest/googlemock/Makefile&quot;  VERBOSE=1 clean"/>
				</MakeCommands>
			</Target>
			<Target title="gmock">
				<Option output="/home/purplelime/tp_project_1sem/NFS-Next-Gen/lib/libgmockd.a" prefix_auto="0" extension_auto="0"/>
				<Option working_dir="/home/purplelime/tp_project_1sem/NFS-Next-Gen/libs/googletest/googlemock"/>
				<Option object_output="./"/>
				<Option type="2"/>
				<Option compiler="gcc"/>
				<Compiler>
					<Add directory="/home/purplelime/tp_project_1sem/NFS-Next-Gen/include"/>
					<Add directory="/home/purplelime/tp_project_1sem/NFS-Next-Gen/libs/googletest/googlemock/include"/>
					<Add directory="/home/purplelime/tp_project_1sem/NFS-Next-Gen/libs/googletest/googlemock"/>
					<Add directory="/home/purplelime/tp_project_1sem/NFS-Next-Gen/libs/googletest/googletest/include"/>
					<Add directory="/home/purplelime/tp_project_1sem/NFS-Next-Gen/libs/googletest/googletest"/>
				</Compiler>
				<MakeCommands>
					<Build command="/usr/bin/make -f &quot;/home/purplelime/tp_project_1sem/NFS-Next-Gen/libs/googletest/googlemock/Makefile&quot;  VERBOSE=1 gmock"/>
					<CompileFile command="/usr/bin/make -f &quot;/home/purplelime/tp_project_1sem/NFS-Next-Gen/libs/googletest/googlemock/Makefile&quot;  VERBOSE=1 &quot;$file&quot;"/>
					<Clean command="/usr/bin/make -f &quot;/home/purplelime/tp_project_1sem/NFS-Next-Gen/libs/googletest/googlemock/Makefile&quot;  VERBOSE=1 clean"/>
					<DistClean command="/usr/bin/make -f &quot;/home/purplelime/tp_project_1sem/NFS-Next-Gen/libs/googletest/googlemock/Makefile&quot;  VERBOSE=1 clean"/>
				</MakeCommands>
			</Target>
			<Target title="gmock/fast">
				<Option output="/home/purplelime/tp_project_1sem/NFS-Next-Gen/lib/libgmockd.a" prefix_auto="0" extension_auto="0"/>
				<Option working_dir="/home/purplelime/tp_project_1sem/NFS-Next-Gen/libs/googletest/googlemock"/>
				<Option object_output="./"/>
				<Option type="2"/>
				<Option compiler="gcc"/>
				<Compiler>
					<Add directory="/home/purplelime/tp_project_1sem/NFS-Next-Gen/include"/>
					<Add directory="/home/purplelime/tp_project_1sem/NFS-Next-Gen/libs/googletest/googlemock/include"/>
					<Add directory="/home/purplelime/tp_project_1sem/NFS-Next-Gen/libs/googletest/googlemock"/>
					<Add directory="/home/purplelime/tp_project_1sem/NFS-Next-Gen/libs/googletest/googletest/include"/>
					<Add directory="/home/purplelime/tp_project_1sem/NFS-Next-Gen/libs/googletest/googletest"/>
				</Compiler>
				<MakeCommands>
					<Build command="/usr/bin/make -f &quot;/home/purplelime/tp_project_1sem/NFS-Next-Gen/libs/googletest/googlemock/Makefile&quot;  VERBOSE=1 gmock/fast"/>
					<CompileFile command="/usr/bin/make -f &quot;/home/purplelime/tp_project_1sem/NFS-Next-Gen/libs/googletest/googlemock/Makefile&quot;  VERBOSE=1 &quot;$file&quot;"/>
					<Clean command="/usr/bin/make -f &quot;/home/purplelime/tp_project_1sem/NFS-Next-Gen/libs/googletest/googlemock/Makefile&quot;  VERBOSE=1 clean"/>
					<DistClean command="/usr/bin/make -f &quot;/home/purplelime/tp_project_1sem/NFS-Next-Gen/libs/googletest/googlemock/Makefile&quot;  VERBOSE=1 clean"/>
				</MakeCommands>
			</Target>
			<Target title="gtest_main">
				<Option output="/home/purplelime/tp_project_1sem/NFS-Next-Gen/lib/libgtest_maind.a" prefix_auto="0" extension_auto="0"/>
				<Option working_dir="/home/purplelime/tp_project_1sem/NFS-Next-Gen/libs/googletest/googletest"/>
				<Option object_output="./"/>
				<Option type="2"/>
				<Option compiler="gcc"/>
				<Compiler>
					<Add directory="/home/purplelime/tp_project_1sem/NFS-Next-Gen/include"/>
					<Add directory="/home/purplelime/tp_project_1sem/NFS-Next-Gen/libs/googletest/googletest/include"/>
					<Add directory="/home/purplelime/tp_project_1sem/NFS-Next-Gen/libs/googletest/googletest"/>
				</Compiler>
				<MakeCommands>
					<Build command="/usr/bin/make -f &quot;/home/purplelime/tp_project_1sem/NFS-Next-Gen/libs/googletest/googletest/Makefile&quot;  VERBOSE=1 gtest_main"/>
					<CompileFile command="/usr/bin/make -f &quot;/home/purplelime/tp_project_1sem/NFS-Next-Gen/libs/googletest/googletest/Makefile&quot;  VERBOSE=1 &quot;$file&quot;"/>
					<Clean command="/usr/bin/make -f &quot;/home/purplelime/tp_project_1sem/NFS-Next-Gen/libs/googletest/googletest/Makefile&quot;  VERBOSE=1 clean"/>
					<DistClean command="/usr/bin/make -f &quot;/home/purplelime/tp_project_1sem/NFS-Next-Gen/libs/googletest/googletest/Makefile&quot;  VERBOSE=1 clean"/>
				</MakeCommands>
			</Target>
			<Target title="gtest_main/fast">
				<Option output="/home/purplelime/tp_project_1sem/NFS-Next-Gen/lib/libgtest_maind.a" prefix_auto="0" extension_auto="0"/>
				<Option working_dir="/home/purplelime/tp_project_1sem/NFS-Next-Gen/libs/googletest/googletest"/>
				<Option object_output="./"/>
				<Option type="2"/>
				<Option compiler="gcc"/>
				<Compiler>
					<Add directory="/home/purplelime/tp_project_1sem/NFS-Next-Gen/include"/>
					<Add directory="/home/purplelime/tp_project_1sem/NFS-Next-Gen/libs/googletest/googletest/include"/>
					<Add directory="/home/purplelime/tp_project_1sem/NFS-Next-Gen/libs/googletest/googletest"/>
				</Compiler>
				<MakeCommands>
					<Build command="/usr/bin/make -f &quot;/home/purplelime/tp_project_1sem/NFS-Next-Gen/libs/googletest/googletest/Makefile&quot;  VERBOSE=1 gtest_main/fast"/>
					<CompileFile command="/usr/bin/make -f &quot;/home/purplelime/tp_project_1sem/NFS-Next-Gen/libs/googletest/googletest/Makefile&quot;  VERBOSE=1 &quot;$file&quot;"/>
					<Clean command="/usr/bin/make -f &quot;/home/purplelime/tp_project_1sem/NFS-Next-Gen/libs/googletest/googletest/Makefile&quot;  VERBOSE=1 clean"/>
					<DistClean command="/usr/bin/make -f &quot;/home/purplelime/tp_project_1sem/NFS-Next-Gen/libs/googletest/googletest/Makefile&quot;  VERBOSE=1 clean"/>
				</MakeCommands>
			</Target>
			<Target title="gtest">
				<Option output="/home/purplelime/tp_project_1sem/NFS-Next-Gen/lib/libgtestd.a" prefix_auto="0" extension_auto="0"/>
				<Option working_dir="/home/purplelime/tp_project_1sem/NFS-Next-Gen/libs/googletest/googletest"/>
				<Option object_output="./"/>
				<Option type="2"/>
				<Option compiler="gcc"/>
				<Compiler>
					<Add directory="/home/purplelime/tp_project_1sem/NFS-Next-Gen/include"/>
					<Add directory="/home/purplelime/tp_project_1sem/NFS-Next-Gen/libs/googletest/googletest/include"/>
					<Add directory="/home/purplelime/tp_project_1sem/NFS-Next-Gen/libs/googletest/googletest"/>
				</Compiler>
				<MakeCommands>
					<Build command="/usr/bin/make -f &quot;/home/purplelime/tp_project_1sem/NFS-Next-Gen/libs/googletest/googletest/Makefile&quot;  VERBOSE=1 gtest"/>
					<CompileFile command="/usr/bin/make -f &quot;/home/purplelime/tp_project_1sem/NFS-Next-Gen/libs/googletest/googletest/Makefile&quot;  VERBOSE=1 &quot;$file&quot;"/>
					<Clean command="/usr/bin/make -f &quot;/home/purplelime/tp_project_1sem/NFS-Next-Gen/libs/googletest/googletest/Makefile&quot;  VERBOSE=1 clean"/>
					<DistClean command="/usr/bin/make -f &quot;/home/purplelime/tp_project_1sem/NFS-Next-Gen/libs/googletest/googletest/Makefile&quot;  VERBOSE=1 clean"/>
				</MakeCommands>
			</Target>
			<Target title="gtest/fast">
				<Option output="/home/purplelime/tp_project_1sem/NFS-Next-Gen/lib/libgtestd.a" prefix_auto="0" extension_auto="0"/>
				<Option working_dir="/home/purplelime/tp_project_1sem/NFS-Next-Gen/libs/googletest/googletest"/>
				<Option object_output="./"/>
				<Option type="2"/>
				<Option compiler="gcc"/>
				<Compiler>
					<Add directory="/home/purplelime/tp_project_1sem/NFS-Next-Gen/include"/>
					<Add directory="/home/purplelime/tp_project_1sem/NFS-Next-Gen/libs/googletest/googletest/include"/>
					<Add directory="/home/purplelime/tp_project_1sem/NFS-Next-Gen/libs/googletest/googletest"/>
				</Compiler>
				<MakeCommands>
					<Build command="/usr/bin/make -f &quot;/home/purplelime/tp_project_1sem/NFS-Next-Gen/libs/googletest/googletest/Makefile&quot;  VERBOSE=1 gtest/fast"/>
					<CompileFile command="/usr/bin/make -f &quot;/home/purplelime/tp_project_1sem/NFS-Next-Gen/libs/googletest/googletest/Makefile&quot;  VERBOSE=1 &quot;$file&quot;"/>
					<Clean command="/usr/bin/make -f &quot;/home/purplelime/tp_project_1sem/NFS-Next-Gen/libs/googletest/googletest/Makefile&quot;  VERBOSE=1 clean"/>
					<DistClean command="/usr/bin/make -f &quot;/home/purplelime/tp_project_1sem/NFS-Next-Gen/libs/googletest/googletest/Makefile&quot;  VERBOSE=1 clean"/>
				</MakeCommands>
			</Target>
		</Build>
		<Unit filename="/home/purplelime/tp_project_1sem/NFS-Next-Gen/libs/googletest/googlemock/src/gmock-all.cc">
			<Option target="gmock"/>
		</Unit>
		<Unit filename="/home/purplelime/tp_project_1sem/NFS-Next-Gen/libs/googletest/googlemock/src/gmock_main.cc">
			<Option target="gmock_main"/>
		</Unit>
		<Unit filename="/home/purplelime/tp_project_1sem/NFS-Next-Gen/libs/googletest/googletest/src/gtest-all.cc">
			<Option target="gtest"/>
		</Unit>
		<Unit filename="/home/purplelime/tp_project_1sem/NFS-Next-Gen/libs/googletest/googletest/src/gtest_main.cc">
			<Option target="gtest_main"/>
		</Unit>
		<Unit filename="/home/purplelime/tp_project_1sem/NFS-Next-Gen/CMakeLists.txt">
			<Option virtualFolder="CMake Files\"/>
		</Unit>
		<Unit filename="/home/purplelime/tp_project_1sem/NFS-Next-Gen/cmake_modules/FindSFML.cmake">
			<Option virtualFolder="CMake Files\cmake_modules\"/>
		</Unit>
		<Unit filename="/home/purplelime/tp_project_1sem/NFS-Next-Gen/cmake_modules/FindSQLite3.cmake">
			<Option virtualFolder="CMake Files\cmake_modules\"/>
		</Unit>
		<Unit filename="/home/purplelime/tp_project_1sem/NFS-Next-Gen/libs/googletest/CMakeLists.txt">
			<Option virtualFolder="CMake Files\libs\googletest\"/>
		</Unit>
		<Unit filename="/home/purplelime/tp_project_1sem/NFS-Next-Gen/libs/googletest/googlemock/CMakeLists.txt">
			<Option virtualFolder="CMake Files\libs\googletest\googlemock\"/>
		</Unit>
		<Unit filename="/home/purplelime/tp_project_1sem/NFS-Next-Gen/libs/googletest/googlemock/cmake/gmock.pc.in">
			<Option virtualFolder="CMake Files\libs\googletest\googlemock\cmake\"/>
		</Unit>
		<Unit filename="/home/purplelime/tp_project_1sem/NFS-Next-Gen/libs/googletest/googlemock/cmake/gmock_main.pc.in">
			<Option virtualFolder="CMake Files\libs\googletest\googlemock\cmake\"/>
		</Unit>
		<Unit filename="/home/purplelime/tp_project_1sem/NFS-Next-Gen/libs/googletest/googletest/CMakeLists.txt">
			<Option virtualFolder="CMake Files\libs\googletest\googletest\"/>
		</Unit>
		<Unit filename="/home/purplelime/tp_project_1sem/NFS-Next-Gen/libs/googletest/googletest/cmake/Config.cmake.in">
			<Option virtualFolder="CMake Files\libs\googletest\googletest\cmake\"/>
		</Unit>
		<Unit filename="/home/purplelime/tp_project_1sem/NFS-Next-Gen/libs/googletest/googletest/cmake/gtest.pc.in">
			<Option virtualFolder="CMake Files\libs\googletest\googletest\cmake\"/>
		</Unit>
		<Unit filename="/home/purplelime/tp_project_1sem/NFS-Next-Gen/libs/googletest/googletest/cmake/gtest_main.pc.in">
			<Option virtualFolder="CMake Files\libs\googletest\googletest\cmake\"/>
		</Unit>
		<Unit filename="/home/purplelime/tp_project_1sem/NFS-Next-Gen/libs/googletest/googletest/cmake/internal_utils.cmake">
			<Option virtualFolder="CMake Files\libs\googletest\googletest\cmake\"/>
		</Unit>
		<Unit filename="/home/purplelime/tp_project_1sem/NFS-Next-Gen/test/CMakeLists.txt">
			<Option virtualFolder="CMake Files\test\"/>
		</Unit>
	</Project>
</CodeBlocks_project_file>
